
Microsoft Visual Studio Solution File, Format Version 12.00
Project("{FAE04EC0-301F-11D3-BF4B-00C04F79EFBC}") = "MessagingApp", "MessagingApp\MessagingApp.csproj", "{A348CD71-917F-4D89-B465-3F2724CB5238}"
EndProject
Project("{2150E333-8FDC-42A3-9474-1A3956D46DE8}") = "Solution Items", "Solution Items", "{4902F755-D941-46FE-BFE2-E76DBA6A18D8}"
	ProjectSection(SolutionItems) = preProject
		docker-compose.yml = docker-compose.yml
		kafka_init.sh = kafka_init.sh
		notes.txt = notes.txt
	EndProjectSection
EndProject
Global
	GlobalSection(SolutionConfigurationPlatforms) = preSolution
		Debug|Any CPU = Debug|Any CPU
		Release|Any CPU = Release|Any CPU
	EndGlobalSection
	GlobalSection(ProjectConfigurationPlatforms) = postSolution
		{A348CD71-917F-4D89-B465-3F2724CB5238}.Debug|Any CPU.ActiveCfg = Debug|Any CPU
		{A348CD71-917F-4D89-B465-3F2724CB5238}.Debug|Any CPU.Build.0 = Debug|Any CPU
		{A348CD71-917F-4D89-B465-3F2724CB5238}.Release|Any CPU.ActiveCfg = Release|Any CPU
		{A348CD71-917F-4D89-B465-3F2724CB5238}.Release|Any CPU.Build.0 = Release|Any CPU
	EndGlobalSection
EndGlobal
